{
  "name": "@kamranahmedse/claude-statusline",
  "version": "1.0.4",
  "lockfileVersion": 3,
  "requires": true,
  "packages": {
    "": {
      "name": "@kamranahmedse/claude-statusline",
      "version": "1.0.4",
      "license": "MIT",
      "bin": {
        "claude-statusline": "bin/install.js"
      }
    }
  }
}
